// !$*UTF8*$!
{
	archiveVersion = 1;
	classes = {
	};
	objectVersion = 55;
	objects = {

/* Begin PBXFileReference section */
		2C7C0D0027B30FD000D81F54 /* TimeConversion.playground */ = {isa = PBXFileReference; lastKnownFileType = file.playground; path = TimeConversion.playground; sourceTree = "<group>"; xcLanguageSpecificationIdentifier = xcode.lang.swift; };
		2C7C0D0127B32A6D00D81F54 /* TBS Problem.playground */ = {isa = PBXFileReference; lastKnownFileType = file.playground; path = "TBS Problem.playground"; sourceTree = "<group>"; xcLanguageSpecificationIdentifier = xcode.lang.swift; };
/* End PBXFileReference section */

/* Begin PBXGroup section */
		2C7C0CF927B30FA400D81F54 = {
			isa = PBXGroup;
			children = (
				2C7C0D0127B32A6D00D81F54 /* TBS Problem.playground */,
				2C7C0D0027B30FD000D81F54 /* TimeConversion.playground */,
			);
			sourceTree = "<group>";
		};
/* End PBXGroup section */

/* Begin PBXProject section */
		2C7C0CFA27B30FA400D81F54 /* Project object */ = {
			isa = PBXProject;
			attributes = {
				BuildIndependentTargetsInParallel = 1;
				LastUpgradeCheck = 1320;
			};
			buildConfigurationList = 2C7C0CFD27B30FA400D81F54 /* Build configuration list for PBXProject "Solutions" */;
			compatibilityVersion = "Xcode 13.0";
			developmentRegion = en;
			hasScannedForEncodings = 0;
			knownRegions = (
				en,
				Base,
			);
			mainGroup = 2C7C0CF927B30FA400D81F54;
			projectDirPath = "";
			projectRoot = "";
			targets = (
			);
		};
/* End PBXProject section */

/* Begin XCBuildConfiguration section */
		2C7C0CFE27B30FA400D81F54 /* Debug */ = {
			isa = XCBuildConfiguration;
			buildSettings = {
			};
			name = Debug;
		};
		2C7C0CFF27B30FA400D81F54 /* Release */ = {
			isa = XCBuildConfiguration;
			buildSettings = {
			};
			name = Release;
		};
/* End XCBuildConfiguration section */

/* Begin XCConfigurationList section */
		2C7C0CFD27B30FA400D81F54 /* Build configuration list for PBXProject "Solutions" */ = {
			isa = XCConfigurationList;
			buildConfigurations = (
				2C7C0CFE27B30FA400D81F54 /* Debug */,
				2C7C0CFF27B30FA400D81F54 /* Release */,
			);
			defaultConfigurationIsVisible = 0;
			defaultConfigurationName = Release;
		};
/* End XCConfigurationList section */
	};
	rootObject = 2C7C0CFA27B30FA400D81F54 /* Project object */;
}
